// !$*UTF8*$!
{
	archiveVersion = 1;
	classes = {
	};
	objectVersion = 45;
	objects = {

/* Begin PBXBuildFile section */
		54B5FFB611B6B1B20012A7CE /* edu.umich.lsa.faceplant.plist in CopyFiles */ = {isa = PBXBuildFile; fileRef = 54B5FF9011B6A5490012A7CE /* edu.umich.lsa.faceplant.plist */; };
		54B5FFB711B6B1B40012A7CE /* INSTALL in CopyFiles */ = {isa = PBXBuildFile; fileRef = 54B5FF9311B6B0660012A7CE /* INSTALL */; };
		54B5FFB811B6B1B60012A7CE /* LICENSE in CopyFiles */ = {isa = PBXBuildFile; fileRef = 54B5FF9411B6B0A20012A7CE /* LICENSE */; };
		54B5FFBB11B6B1E90012A7CE /* Faceplant in CopyFiles */ = {isa = PBXBuildFile; fileRef = 8DD76FA10486AA7600D96B5E /* Faceplant */; };
		54D1331911B0421D0018611F /* Responder.m in Sources */ = {isa = PBXBuildFile; fileRef = 54D1331811B0421D0018611F /* Responder.m */; };
		54D1331D11B0424A0018611F /* AppKit.framework in Frameworks */ = {isa = PBXBuildFile; fileRef = 54D1331C11B0424A0018611F /* AppKit.framework */; };
		8DD76F9A0486AA7600D96B5E /* Faceplant.m in Sources */ = {isa = PBXBuildFile; fileRef = 08FB7796FE84155DC02AAC07 /* Faceplant.m */; settings = {ATTRIBUTES = (); }; };
		8DD76F9C0486AA7600D96B5E /* Foundation.framework in Frameworks */ = {isa = PBXBuildFile; fileRef = 08FB779EFE84155DC02AAC07 /* Foundation.framework */; };
		8DD76F9F0486AA7600D96B5E /* faceplant.1 in CopyFiles */ = {isa = PBXBuildFile; fileRef = C6859EA3029092ED04C91782 /* faceplant.1 */; };
/* End PBXBuildFile section */

/* Begin PBXCopyFilesBuildPhase section */
		8DD76F9E0486AA7600D96B5E /* CopyFiles */ = {
			isa = PBXCopyFilesBuildPhase;
			buildActionMask = 12;
			dstPath = "faceplant-dist/faceplant";
			dstSubfolderSpec = 16;
			files = (
				54B5FFBB11B6B1E90012A7CE /* Faceplant in CopyFiles */,
				54B5FFB811B6B1B60012A7CE /* LICENSE in CopyFiles */,
				54B5FFB711B6B1B40012A7CE /* INSTALL in CopyFiles */,
				54B5FFB611B6B1B20012A7CE /* edu.umich.lsa.faceplant.plist in CopyFiles */,
				8DD76F9F0486AA7600D96B5E /* faceplant.1 in CopyFiles */,
			);
			runOnlyForDeploymentPostprocessing = 0;
		};
/* End PBXCopyFilesBuildPhase section */

/* Begin PBXFileReference section */
		08FB7796FE84155DC02AAC07 /* Faceplant.m */ = {isa = PBXFileReference; fileEncoding = 4; lastKnownFileType = sourcecode.c.objc; path = Faceplant.m; sourceTree = "<group>"; };
		08FB779EFE84155DC02AAC07 /* Foundation.framework */ = {isa = PBXFileReference; lastKnownFileType = wrapper.framework; name = Foundation.framework; path = /System/Library/Frameworks/Foundation.framework; sourceTree = "<absolute>"; };
		32A70AAB03705E1F00C91783 /* Faceplant_Prefix.pch */ = {isa = PBXFileReference; fileEncoding = 4; lastKnownFileType = sourcecode.c.h; path = Faceplant_Prefix.pch; sourceTree = "<group>"; };
		54B5FF9011B6A5490012A7CE /* edu.umich.lsa.faceplant.plist */ = {isa = PBXFileReference; fileEncoding = 4; lastKnownFileType = text.plist.xml; path = edu.umich.lsa.faceplant.plist; sourceTree = "<group>"; };
		54B5FF9311B6B0660012A7CE /* INSTALL */ = {isa = PBXFileReference; fileEncoding = 4; lastKnownFileType = text; path = INSTALL; sourceTree = "<group>"; };
		54B5FF9411B6B0A20012A7CE /* LICENSE */ = {isa = PBXFileReference; fileEncoding = 4; lastKnownFileType = text; path = LICENSE; sourceTree = "<group>"; };
		54D1331711B0421D0018611F /* Responder.h */ = {isa = PBXFileReference; fileEncoding = 4; lastKnownFileType = sourcecode.c.h; path = Responder.h; sourceTree = "<group>"; };
		54D1331811B0421D0018611F /* Responder.m */ = {isa = PBXFileReference; fileEncoding = 4; lastKnownFileType = sourcecode.c.objc; path = Responder.m; sourceTree = "<group>"; };
		54D1331C11B0424A0018611F /* AppKit.framework */ = {isa = PBXFileReference; lastKnownFileType = wrapper.framework; name = AppKit.framework; path = System/Library/Frameworks/AppKit.framework; sourceTree = SDKROOT; };
		8DD76FA10486AA7600D96B5E /* Faceplant */ = {isa = PBXFileReference; explicitFileType = "compiled.mach-o.executable"; includeInIndex = 0; path = Faceplant; sourceTree = BUILT_PRODUCTS_DIR; };
		C6859EA3029092ED04C91782 /* faceplant.1 */ = {isa = PBXFileReference; lastKnownFileType = text.man; path = faceplant.1; sourceTree = "<group>"; };
/* End PBXFileReference section */

/* Begin PBXFrameworksBuildPhase section */
		8DD76F9B0486AA7600D96B5E /* Frameworks */ = {
			isa = PBXFrameworksBuildPhase;
			buildActionMask = 2147483647;
			files = (
				8DD76F9C0486AA7600D96B5E /* Foundation.framework in Frameworks */,
				54D1331D11B0424A0018611F /* AppKit.framework in Frameworks */,
			);
			runOnlyForDeploymentPostprocessing = 0;
		};
/* End PBXFrameworksBuildPhase section */

/* Begin PBXGroup section */
		08FB7794FE84155DC02AAC07 /* Faceplant */ = {
			isa = PBXGroup;
			children = (
				08FB7795FE84155DC02AAC07 /* Source */,
				C6859EA2029092E104C91782 /* Documentation */,
				08FB779DFE84155DC02AAC07 /* External Frameworks and Libraries */,
				1AB674ADFE9D54B511CA2CBB /* Products */,
			);
			name = Faceplant;
			sourceTree = "<group>";
		};
		08FB7795FE84155DC02AAC07 /* Source */ = {
			isa = PBXGroup;
			children = (
				54D1331711B0421D0018611F /* Responder.h */,
				54D1331811B0421D0018611F /* Responder.m */,
				32A70AAB03705E1F00C91783 /* Faceplant_Prefix.pch */,
				08FB7796FE84155DC02AAC07 /* Faceplant.m */,
			);
			name = Source;
			sourceTree = "<group>";
		};
		08FB779DFE84155DC02AAC07 /* External Frameworks and Libraries */ = {
			isa = PBXGroup;
			children = (
				54D1331C11B0424A0018611F /* AppKit.framework */,
				08FB779EFE84155DC02AAC07 /* Foundation.framework */,
			);
			name = "External Frameworks and Libraries";
			sourceTree = "<group>";
		};
		1AB674ADFE9D54B511CA2CBB /* Products */ = {
			isa = PBXGroup;
			children = (
				8DD76FA10486AA7600D96B5E /* Faceplant */,
			);
			name = Products;
			sourceTree = "<group>";
		};
		C6859EA2029092E104C91782 /* Documentation */ = {
			isa = PBXGroup;
			children = (
				C6859EA3029092ED04C91782 /* faceplant.1 */,
				54B5FF9011B6A5490012A7CE /* edu.umich.lsa.faceplant.plist */,
				54B5FF9311B6B0660012A7CE /* INSTALL */,
				54B5FF9411B6B0A20012A7CE /* LICENSE */,
			);
			name = Documentation;
			sourceTree = "<group>";
		};
/* End PBXGroup section */

/* Begin PBXNativeTarget section */
		8DD76F960486AA7600D96B5E /* faceplant */ = {
			isa = PBXNativeTarget;
			buildConfigurationList = 1DEB927408733DD40010E9CD /* Build configuration list for PBXNativeTarget "faceplant" */;
			buildPhases = (
				8DD76F990486AA7600D96B5E /* Sources */,
				8DD76F9B0486AA7600D96B5E /* Frameworks */,
				54B5FFC511B6B24C0012A7CE /* ShellScript */,
				8DD76F9E0486AA7600D96B5E /* CopyFiles */,
				54B5FFD111B6B2FC0012A7CE /* ShellScript */,
			);
			buildRules = (
			);
			dependencies = (
			);
			name = faceplant;
			productInstallPath = "$(HOME)/bin";
			productName = Faceplant;
			productReference = 8DD76FA10486AA7600D96B5E /* Faceplant */;
			productType = "com.apple.product-type.tool";
		};
/* End PBXNativeTarget section */

/* Begin PBXProject section */
		08FB7793FE84155DC02AAC07 /* Project object */ = {
			isa = PBXProject;
			buildConfigurationList = 1DEB927808733DD40010E9CD /* Build configuration list for PBXProject "Faceplant" */;
			compatibilityVersion = "Xcode 3.1";
			hasScannedForEncodings = 1;
			mainGroup = 08FB7794FE84155DC02AAC07 /* Faceplant */;
			projectDirPath = "";
			projectRoot = "";
			targets = (
				8DD76F960486AA7600D96B5E /* faceplant */,
			);
		};
/* End PBXProject section */

/* Begin PBXShellScriptBuildPhase section */
		54B5FFC511B6B24C0012A7CE /* ShellScript */ = {
			isa = PBXShellScriptBuildPhase;
			buildActionMask = 2147483647;
			files = (
			);
			inputPaths = (
			);
			outputPaths = (
			);
			runOnlyForDeploymentPostprocessing = 0;
			shellPath = /bin/sh;
			shellScript = "mkdir -p ${BUILT_PRODUCTS_DIR}/faceplant-dist/faceplant\n\n";
		};
		54B5FFD111B6B2FC0012A7CE /* ShellScript */ = {
			isa = PBXShellScriptBuildPhase;
			buildActionMask = 2147483647;
			files = (
			);
			inputPaths = (
			);
			outputPaths = (
			);
			runOnlyForDeploymentPostprocessing = 0;
			shellPath = /bin/sh;
			shellScript = "mv $BUILT_PRODUCTS_DIR/faceplant-dist/faceplant/Faceplant ${BUILT_PRODUCTS_DIR}/faceplant-dist/faceplant/faceplant\n(cd ${BUILT_PRODUCTS_DIR}/faceplant-dist; zip -r ~/Desktop/faceplant.zip faceplant)";
		};
/* End PBXShellScriptBuildPhase section */

/* Begin PBXSourcesBuildPhase section */
		8DD76F990486AA7600D96B5E /* Sources */ = {
			isa = PBXSourcesBuildPhase;
			buildActionMask = 2147483647;
			files = (
				8DD76F9A0486AA7600D96B5E /* Faceplant.m in Sources */,
				54D1331911B0421D0018611F /* Responder.m in Sources */,
			);
			runOnlyForDeploymentPostprocessing = 0;
		};
/* End PBXSourcesBuildPhase section */

/* Begin XCBuildConfiguration section */
		1DEB927508733DD40010E9CD /* Debug */ = {
			isa = XCBuildConfiguration;
			buildSettings = {
				ALWAYS_SEARCH_USER_PATHS = NO;
				COPY_PHASE_STRIP = NO;
				GCC_DYNAMIC_NO_PIC = NO;
				GCC_ENABLE_FIX_AND_CONTINUE = YES;
				GCC_MODEL_TUNING = G5;
				GCC_OPTIMIZATION_LEVEL = 0;
				GCC_PRECOMPILE_PREFIX_HEADER = YES;
				GCC_PREFIX_HEADER = Faceplant_Prefix.pch;
				INSTALL_PATH = /usr/local/bin;
				PRODUCT_NAME = Faceplant;
			};
			name = Debug;
		};
		1DEB927608733DD40010E9CD /* Release */ = {
			isa = XCBuildConfiguration;
			buildSettings = {
				ALWAYS_SEARCH_USER_PATHS = NO;
				DEBUG_INFORMATION_FORMAT = "dwarf-with-dsym";
				GCC_MODEL_TUNING = G5;
				GCC_PRECOMPILE_PREFIX_HEADER = YES;
				GCC_PREFIX_HEADER = Faceplant_Prefix.pch;
				INSTALL_PATH = /usr/local/bin;
				PRODUCT_NAME = Faceplant;
			};
			name = Release;
		};
		1DEB927908733DD40010E9CD /* Debug */ = {
			isa = XCBuildConfiguration;
			buildSettings = {
				ARCHS = "$(ARCHS_STANDARD_32_64_BIT)";
				GCC_C_LANGUAGE_STANDARD = gnu99;
				GCC_OPTIMIZATION_LEVEL = 0;
				GCC_WARN_ABOUT_RETURN_TYPE = YES;
				GCC_WARN_UNUSED_VARIABLE = YES;
				ONLY_ACTIVE_ARCH = YES;
				PREBINDING = NO;
				SDKROOT = macosx10.5;
			};
			name = Debug;
		};
		1DEB927A08733DD40010E9CD /* Release */ = {
			isa = XCBuildConfiguration;
			buildSettings = {
				ARCHS = "$(ARCHS_STANDARD_32_64_BIT)";
				GCC_C_LANGUAGE_STANDARD = gnu99;
				GCC_WARN_ABOUT_RETURN_TYPE = YES;
				GCC_WARN_UNUSED_VARIABLE = YES;
				PREBINDING = NO;
				SDKROOT = macosx10.5;
			};
			name = Release;
		};
/* End XCBuildConfiguration section */

/* Begin XCConfigurationList section */
		1DEB927408733DD40010E9CD /* Build configuration list for PBXNativeTarget "faceplant" */ = {
			isa = XCConfigurationList;
			buildConfigurations = (
				1DEB927508733DD40010E9CD /* Debug */,
				1DEB927608733DD40010E9CD /* Release */,
			);
			defaultConfigurationIsVisible = 0;
			defaultConfigurationName = Release;
		};
		1DEB927808733DD40010E9CD /* Build configuration list for PBXProject "Faceplant" */ = {
			isa = XCConfigurationList;
			buildConfigurations = (
				1DEB927908733DD40010E9CD /* Debug */,
				1DEB927A08733DD40010E9CD /* Release */,
			);
			defaultConfigurationIsVisible = 0;
			defaultConfigurationName = Release;
		};
/* End XCConfigurationList section */
	};
	rootObject = 08FB7793FE84155DC02AAC07 /* Project object */;
}
